
Microsoft Visual Studio Solution File, Format Version 12.00
# Visual Studio Version 17
VisualStudioVersion = 17.11.35327.3
MinimumVisualStudioVersion = 10.0.40219.1
Project("{FAE04EC0-301F-11D3-BF4B-00C04F79EFBC}") = "sigortadurum", "sigortadurum\sigortadurum.csproj", "{7F307D2E-CC63-4A8E-82C9-0E12F6F7CC91}"
EndProject
Global
	GlobalSection(SolutionConfigurationPlatforms) = preSolution
		Debug|Any CPU = Debug|Any CPU
		Release|Any CPU = Release|Any CPU
	EndGlobalSection
	GlobalSection(ProjectConfigurationPlatforms) = postSolution
		{7F307D2E-CC63-4A8E-82C9-0E12F6F7CC91}.Debug|Any CPU.ActiveCfg = Debug|Any CPU
		{7F307D2E-CC63-4A8E-82C9-0E12F6F7CC91}.Debug|Any CPU.Build.0 = Debug|Any CPU
		{7F307D2E-CC63-4A8E-82C9-0E12F6F7CC91}.Release|Any CPU.ActiveCfg = Release|Any CPU
		{7F307D2E-CC63-4A8E-82C9-0E12F6F7CC91}.Release|Any CPU.Build.0 = Release|Any CPU
	EndGlobalSection
	GlobalSection(SolutionProperties) = preSolution
		HideSolutionNode = FALSE
	EndGlobalSection
	GlobalSection(ExtensibilityGlobals) = postSolution
		SolutionGuid = {42534813-7319-4C02-B7C5-E2DBD44C1FF3}
	EndGlobalSection
EndGlobal
